// !$*UTF8*$!
{
	archiveVersion = 1;
	classes = {
	};
	objectVersion = 55;
	objects = {

/* Begin PBXBuildFile section */
		790242C62759473300F8E5ED /* MockJsonPlaceholderService.swift in Sources */ = {isa = PBXBuildFile; fileRef = 790242C52759473300F8E5ED /* MockJsonPlaceholderService.swift */; };
		790242C92759658400F8E5ED /* users.json in Resources */ = {isa = PBXBuildFile; fileRef = 790242C82759658400F8E5ED /* users.json */; };
		790242CB275975B300F8E5ED /* UserViewControllerViewModelTests.swift in Sources */ = {isa = PBXBuildFile; fileRef = 790242CA275975B300F8E5ED /* UserViewControllerViewModelTests.swift */; };
		79608D5B275839DF0033711B /* JsonPlaceholderService.swift in Sources */ = {isa = PBXBuildFile; fileRef = 79608D5A275839DF0033711B /* JsonPlaceholderService.swift */; };
		79608D5D27583F880033711B /* UserViewControllerViewModel.swift in Sources */ = {isa = PBXBuildFile; fileRef = 79608D5C27583F880033711B /* UserViewControllerViewModel.swift */; };
		79608D5F275841220033711B /* User.swift in Sources */ = {isa = PBXBuildFile; fileRef = 79608D5E275841220033711B /* User.swift */; };
		799876702758377F00469155 /* AppDelegate.swift in Sources */ = {isa = PBXBuildFile; fileRef = 7998766F2758377F00469155 /* AppDelegate.swift */; };
		799876722758377F00469155 /* SceneDelegate.swift in Sources */ = {isa = PBXBuildFile; fileRef = 799876712758377F00469155 /* SceneDelegate.swift */; };
		799876742758377F00469155 /* UserViewController.swift in Sources */ = {isa = PBXBuildFile; fileRef = 799876732758377F00469155 /* UserViewController.swift */; };
		799876792758378000469155 /* Assets.xcassets in Resources */ = {isa = PBXBuildFile; fileRef = 799876782758378000469155 /* Assets.xcassets */; };
		7998767C2758378000469155 /* LaunchScreen.storyboard in Resources */ = {isa = PBXBuildFile; fileRef = 7998767A2758378000469155 /* LaunchScreen.storyboard */; };
/* End PBXBuildFile section */

/* Begin PBXContainerItemProxy section */
		79A2FC27275946E80011FC65 /* PBXContainerItemProxy */ = {
			isa = PBXContainerItemProxy;
			containerPortal = 799876642758377F00469155 /* Project object */;
			proxyType = 1;
			remoteGlobalIDString = 7998766B2758377F00469155;
			remoteInfo = ServiceLayerExample;
		};
/* End PBXContainerItemProxy section */

/* Begin PBXFileReference section */
		790242C52759473300F8E5ED /* MockJsonPlaceholderService.swift */ = {isa = PBXFileReference; lastKnownFileType = sourcecode.swift; path = MockJsonPlaceholderService.swift; sourceTree = "<group>"; };
		790242C82759658400F8E5ED /* users.json */ = {isa = PBXFileReference; lastKnownFileType = text.json; path = users.json; sourceTree = "<group>"; };
		790242CA275975B300F8E5ED /* UserViewControllerViewModelTests.swift */ = {isa = PBXFileReference; lastKnownFileType = sourcecode.swift; path = UserViewControllerViewModelTests.swift; sourceTree = "<group>"; };
		79608D5A275839DF0033711B /* JsonPlaceholderService.swift */ = {isa = PBXFileReference; lastKnownFileType = sourcecode.swift; path = JsonPlaceholderService.swift; sourceTree = "<group>"; };
		79608D5C27583F880033711B /* UserViewControllerViewModel.swift */ = {isa = PBXFileReference; lastKnownFileType = sourcecode.swift; path = UserViewControllerViewModel.swift; sourceTree = "<group>"; };
		79608D5E275841220033711B /* User.swift */ = {isa = PBXFileReference; lastKnownFileType = sourcecode.swift; path = User.swift; sourceTree = "<group>"; };
		7998766C2758377F00469155 /* ServiceLayerExample.app */ = {isa = PBXFileReference; explicitFileType = wrapper.application; includeInIndex = 0; path = ServiceLayerExample.app; sourceTree = BUILT_PRODUCTS_DIR; };
		7998766F2758377F00469155 /* AppDelegate.swift */ = {isa = PBXFileReference; lastKnownFileType = sourcecode.swift; path = AppDelegate.swift; sourceTree = "<group>"; };
		799876712758377F00469155 /* SceneDelegate.swift */ = {isa = PBXFileReference; lastKnownFileType = sourcecode.swift; path = SceneDelegate.swift; sourceTree = "<group>"; };
		799876732758377F00469155 /* UserViewController.swift */ = {isa = PBXFileReference; lastKnownFileType = sourcecode.swift; path = UserViewController.swift; sourceTree = "<group>"; };
		799876782758378000469155 /* Assets.xcassets */ = {isa = PBXFileReference; lastKnownFileType = folder.assetcatalog; path = Assets.xcassets; sourceTree = "<group>"; };
		7998767B2758378000469155 /* Base */ = {isa = PBXFileReference; lastKnownFileType = file.storyboard; name = Base; path = Base.lproj/LaunchScreen.storyboard; sourceTree = "<group>"; };
		7998767D2758378000469155 /* Info.plist */ = {isa = PBXFileReference; lastKnownFileType = text.plist.xml; path = Info.plist; sourceTree = "<group>"; };
		79A2FC23275946E80011FC65 /* ServiceLayerExampleTests.xctest */ = {isa = PBXFileReference; explicitFileType = wrapper.cfbundle; includeInIndex = 0; path = ServiceLayerExampleTests.xctest; sourceTree = BUILT_PRODUCTS_DIR; };
/* End PBXFileReference section */

/* Begin PBXFrameworksBuildPhase section */
		799876692758377F00469155 /* Frameworks */ = {
			isa = PBXFrameworksBuildPhase;
			buildActionMask = 2147483647;
			files = (
			);
			runOnlyForDeploymentPostprocessing = 0;
		};
		79A2FC20275946E80011FC65 /* Frameworks */ = {
			isa = PBXFrameworksBuildPhase;
			buildActionMask = 2147483647;
			files = (
			);
			runOnlyForDeploymentPostprocessing = 0;
		};
/* End PBXFrameworksBuildPhase section */

/* Begin PBXGroup section */
		790242C72759656C00F8E5ED /* Fixtures */ = {
			isa = PBXGroup;
			children = (
				790242C82759658400F8E5ED /* users.json */,
			);
			path = Fixtures;
			sourceTree = "<group>";
		};
		79608D572758397D0033711B /* Views */ = {
			isa = PBXGroup;
			children = (
				799876732758377F00469155 /* UserViewController.swift */,
				79608D5C27583F880033711B /* UserViewControllerViewModel.swift */,
				790242CA275975B300F8E5ED /* UserViewControllerViewModelTests.swift */,
			);
			path = Views;
			sourceTree = "<group>";
		};
		79608D58275839820033711B /* Services */ = {
			isa = PBXGroup;
			children = (
				79608D5A275839DF0033711B /* JsonPlaceholderService.swift */,
				790242C52759473300F8E5ED /* MockJsonPlaceholderService.swift */,
			);
			path = Services;
			sourceTree = "<group>";
		};
		79608D59275839890033711B /* Models */ = {
			isa = PBXGroup;
			children = (
				79608D5E275841220033711B /* User.swift */,
			);
			path = Models;
			sourceTree = "<group>";
		};
		799876632758377F00469155 = {
			isa = PBXGroup;
			children = (
				7998766E2758377F00469155 /* ServiceLayerExample */,
				79A2FC24275946E80011FC65 /* ServiceLayerExampleTests */,
				7998766D2758377F00469155 /* Products */,
			);
			sourceTree = "<group>";
		};
		7998766D2758377F00469155 /* Products */ = {
			isa = PBXGroup;
			children = (
				7998766C2758377F00469155 /* ServiceLayerExample.app */,
				79A2FC23275946E80011FC65 /* ServiceLayerExampleTests.xctest */,
			);
			name = Products;
			sourceTree = "<group>";
		};
		7998766E2758377F00469155 /* ServiceLayerExample */ = {
			isa = PBXGroup;
			children = (
				79608D59275839890033711B /* Models */,
				79608D58275839820033711B /* Services */,
				79608D572758397D0033711B /* Views */,
				7998766F2758377F00469155 /* AppDelegate.swift */,
				799876712758377F00469155 /* SceneDelegate.swift */,
				799876782758378000469155 /* Assets.xcassets */,
				7998767A2758378000469155 /* LaunchScreen.storyboard */,
				7998767D2758378000469155 /* Info.plist */,
			);
			path = ServiceLayerExample;
			sourceTree = "<group>";
		};
		79A2FC24275946E80011FC65 /* ServiceLayerExampleTests */ = {
			isa = PBXGroup;
			children = (
				790242C72759656C00F8E5ED /* Fixtures */,
			);
			path = ServiceLayerExampleTests;
			sourceTree = "<group>";
		};
/* End PBXGroup section */

/* Begin PBXNativeTarget section */
		7998766B2758377F00469155 /* ServiceLayerExample */ = {
			isa = PBXNativeTarget;
			buildConfigurationList = 799876802758378000469155 /* Build configuration list for PBXNativeTarget "ServiceLayerExample" */;
			buildPhases = (
				799876682758377F00469155 /* Sources */,
				799876692758377F00469155 /* Frameworks */,
				7998766A2758377F00469155 /* Resources */,
			);
			buildRules = (
			);
			dependencies = (
			);
			name = ServiceLayerExample;
			productName = ServiceLayerExample;
			productReference = 7998766C2758377F00469155 /* ServiceLayerExample.app */;
			productType = "com.apple.product-type.application";
		};
		79A2FC22275946E80011FC65 /* ServiceLayerExampleTests */ = {
			isa = PBXNativeTarget;
			buildConfigurationList = 79A2FC2B275946E80011FC65 /* Build configuration list for PBXNativeTarget "ServiceLayerExampleTests" */;
			buildPhases = (
				79A2FC1F275946E80011FC65 /* Sources */,
				79A2FC20275946E80011FC65 /* Frameworks */,
				79A2FC21275946E80011FC65 /* Resources */,
			);
			buildRules = (
			);
			dependencies = (
				79A2FC28275946E80011FC65 /* PBXTargetDependency */,
			);
			name = ServiceLayerExampleTests;
			productName = ServiceLayerExampleTests;
			productReference = 79A2FC23275946E80011FC65 /* ServiceLayerExampleTests.xctest */;
			productType = "com.apple.product-type.bundle.unit-test";
		};
/* End PBXNativeTarget section */

/* Begin PBXProject section */
		799876642758377F00469155 /* Project object */ = {
			isa = PBXProject;
			attributes = {
				BuildIndependentTargetsInParallel = 1;
				LastSwiftUpdateCheck = 1310;
				LastUpgradeCheck = 1310;
				TargetAttributes = {
					7998766B2758377F00469155 = {
						CreatedOnToolsVersion = 13.1;
					};
					79A2FC22275946E80011FC65 = {
						CreatedOnToolsVersion = 13.1;
						TestTargetID = 7998766B2758377F00469155;
					};
				};
			};
			buildConfigurationList = 799876672758377F00469155 /* Build configuration list for PBXProject "ServiceLayerExample" */;
			compatibilityVersion = "Xcode 13.0";
			developmentRegion = en;
			hasScannedForEncodings = 0;
			knownRegions = (
				en,
				Base,
			);
			mainGroup = 799876632758377F00469155;
			productRefGroup = 7998766D2758377F00469155 /* Products */;
			projectDirPath = "";
			projectRoot = "";
			targets = (
				7998766B2758377F00469155 /* ServiceLayerExample */,
				79A2FC22275946E80011FC65 /* ServiceLayerExampleTests */,
			);
		};
/* End PBXProject section */

/* Begin PBXResourcesBuildPhase section */
		7998766A2758377F00469155 /* Resources */ = {
			isa = PBXResourcesBuildPhase;
			buildActionMask = 2147483647;
			files = (
				7998767C2758378000469155 /* LaunchScreen.storyboard in Resources */,
				799876792758378000469155 /* Assets.xcassets in Resources */,
			);
			runOnlyForDeploymentPostprocessing = 0;
		};
		79A2FC21275946E80011FC65 /* Resources */ = {
			isa = PBXResourcesBuildPhase;
			buildActionMask = 2147483647;
			files = (
				790242C92759658400F8E5ED /* users.json in Resources */,
			);
			runOnlyForDeploymentPostprocessing = 0;
		};
/* End PBXResourcesBuildPhase section */

/* Begin PBXSourcesBuildPhase section */
		799876682758377F00469155 /* Sources */ = {
			isa = PBXSourcesBuildPhase;
			buildActionMask = 2147483647;
			files = (
				799876742758377F00469155 /* UserViewController.swift in Sources */,
				79608D5B275839DF0033711B /* JsonPlaceholderService.swift in Sources */,
				79608D5F275841220033711B /* User.swift in Sources */,
				79608D5D27583F880033711B /* UserViewControllerViewModel.swift in Sources */,
				799876702758377F00469155 /* AppDelegate.swift in Sources */,
				799876722758377F00469155 /* SceneDelegate.swift in Sources */,
			);
			runOnlyForDeploymentPostprocessing = 0;
		};
		79A2FC1F275946E80011FC65 /* Sources */ = {
			isa = PBXSourcesBuildPhase;
			buildActionMask = 2147483647;
			files = (
				790242C62759473300F8E5ED /* MockJsonPlaceholderService.swift in Sources */,
				790242CB275975B300F8E5ED /* UserViewControllerViewModelTests.swift in Sources */,
			);
			runOnlyForDeploymentPostprocessing = 0;
		};
/* End PBXSourcesBuildPhase section */

/* Begin PBXTargetDependency section */
		79A2FC28275946E80011FC65 /* PBXTargetDependency */ = {
			isa = PBXTargetDependency;
			target = 7998766B2758377F00469155 /* ServiceLayerExample */;
			targetProxy = 79A2FC27275946E80011FC65 /* PBXContainerItemProxy */;
		};
/* End PBXTargetDependency section */

/* Begin PBXVariantGroup section */
		7998767A2758378000469155 /* LaunchScreen.storyboard */ = {
			isa = PBXVariantGroup;
			children = (
				7998767B2758378000469155 /* Base */,
			);
			name = LaunchScreen.storyboard;
			sourceTree = "<group>";
		};
/* End PBXVariantGroup section */

/* Begin XCBuildConfiguration section */
		7998767E2758378000469155 /* Debug */ = {
			isa = XCBuildConfiguration;
			buildSettings = {
				ALWAYS_SEARCH_USER_PATHS = NO;
				CLANG_ANALYZER_NONNULL = YES;
				CLANG_ANALYZER_NUMBER_OBJECT_CONVERSION = YES_AGGRESSIVE;
				CLANG_CXX_LANGUAGE_STANDARD = "gnu++17";
				CLANG_CXX_LIBRARY = "libc++";
				CLANG_ENABLE_MODULES = YES;
				CLANG_ENABLE_OBJC_ARC = YES;
				CLANG_ENABLE_OBJC_WEAK = YES;
				CLANG_WARN_BLOCK_CAPTURE_AUTORELEASING = YES;
				CLANG_WARN_BOOL_CONVERSION = YES;
				CLANG_WARN_COMMA = YES;
				CLANG_WARN_CONSTANT_CONVERSION = YES;
				CLANG_WARN_DEPRECATED_OBJC_IMPLEMENTATIONS = YES;
				CLANG_WARN_DIRECT_OBJC_ISA_USAGE = YES_ERROR;
				CLANG_WARN_DOCUMENTATION_COMMENTS = YES;
				CLANG_WARN_EMPTY_BODY = YES;
				CLANG_WARN_ENUM_CONVERSION = YES;
				CLANG_WARN_INFINITE_RECURSION = YES;
				CLANG_WARN_INT_CONVERSION = YES;
				CLANG_WARN_NON_LITERAL_NULL_CONVERSION = YES;
				CLANG_WARN_OBJC_IMPLICIT_RETAIN_SELF = YES;
				CLANG_WARN_OBJC_LITERAL_CONVERSION = YES;
				CLANG_WARN_OBJC_ROOT_CLASS = YES_ERROR;
				CLANG_WARN_QUOTED_INCLUDE_IN_FRAMEWORK_HEADER = YES;
				CLANG_WARN_RANGE_LOOP_ANALYSIS = YES;
				CLANG_WARN_STRICT_PROTOTYPES = YES;
				CLANG_WARN_SUSPICIOUS_MOVE = YES;
				CLANG_WARN_UNGUARDED_AVAILABILITY = YES_AGGRESSIVE;
				CLANG_WARN_UNREACHABLE_CODE = YES;
				CLANG_WARN__DUPLICATE_METHOD_MATCH = YES;
				COPY_PHASE_STRIP = NO;
				DEBUG_INFORMATION_FORMAT = dwarf;
				ENABLE_STRICT_OBJC_MSGSEND = YES;
				ENABLE_TESTABILITY = YES;
				GCC_C_LANGUAGE_STANDARD = gnu11;
				GCC_DYNAMIC_NO_PIC = NO;
				GCC_NO_COMMON_BLOCKS = YES;
				GCC_OPTIMIZATION_LEVEL = 0;
				GCC_PREPROCESSOR_DEFINITIONS = (
					"DEBUG=1",
					"$(inherited)",
				);
				GCC_WARN_64_TO_32_BIT_CONVERSION = YES;
				GCC_WARN_ABOUT_RETURN_TYPE = YES_ERROR;
				GCC_WARN_UNDECLARED_SELECTOR = YES;
				GCC_WARN_UNINITIALIZED_AUTOS = YES_AGGRESSIVE;
				GCC_WARN_UNUSED_FUNCTION = YES;
				GCC_WARN_UNUSED_VARIABLE = YES;
				IPHONEOS_DEPLOYMENT_TARGET = 15.0;
				MTL_ENABLE_DEBUG_INFO = INCLUDE_SOURCE;
				MTL_FAST_MATH = YES;
				ONLY_ACTIVE_ARCH = YES;
				SDKROOT = iphoneos;
				SWIFT_ACTIVE_COMPILATION_CONDITIONS = DEBUG;
				SWIFT_OPTIMIZATION_LEVEL = "-Onone";
			};
			name = Debug;
		};
		7998767F2758378000469155 /* Release */ = {
			isa = XCBuildConfiguration;
			buildSettings = {
				ALWAYS_SEARCH_USER_PATHS = NO;
				CLANG_ANALYZER_NONNULL = YES;
				CLANG_ANALYZER_NUMBER_OBJECT_CONVERSION = YES_AGGRESSIVE;
				CLANG_CXX_LANGUAGE_STANDARD = "gnu++17";
				CLANG_CXX_LIBRARY = "libc++";
				CLANG_ENABLE_MODULES = YES;
				CLANG_ENABLE_OBJC_ARC = YES;
				CLANG_ENABLE_OBJC_WEAK = YES;
				CLANG_WARN_BLOCK_CAPTURE_AUTORELEASING = YES;
				CLANG_WARN_BOOL_CONVERSION = YES;
				CLANG_WARN_COMMA = YES;
				CLANG_WARN_CONSTANT_CONVERSION = YES;
				CLANG_WARN_DEPRECATED_OBJC_IMPLEMENTATIONS = YES;
				CLANG_WARN_DIRECT_OBJC_ISA_USAGE = YES_ERROR;
				CLANG_WARN_DOCUMENTATION_COMMENTS = YES;
				CLANG_WARN_EMPTY_BODY = YES;
				CLANG_WARN_ENUM_CONVERSION = YES;
				CLANG_WARN_INFINITE_RECURSION = YES;
				CLANG_WARN_INT_CONVERSION = YES;
				CLANG_WARN_NON_LITERAL_NULL_CONVERSION = YES;
				CLANG_WARN_OBJC_IMPLICIT_RETAIN_SELF = YES;
				CLANG_WARN_OBJC_LITERAL_CONVERSION = YES;
				CLANG_WARN_OBJC_ROOT_CLASS = YES_ERROR;
				CLANG_WARN_QUOTED_INCLUDE_IN_FRAMEWORK_HEADER = YES;
				CLANG_WARN_RANGE_LOOP_ANALYSIS = YES;
				CLANG_WARN_STRICT_PROTOTYPES = YES;
				CLANG_WARN_SUSPICIOUS_MOVE = YES;
				CLANG_WARN_UNGUARDED_AVAILABILITY = YES_AGGRESSIVE;
				CLANG_WARN_UNREACHABLE_CODE = YES;
				CLANG_WARN__DUPLICATE_METHOD_MATCH = YES;
				COPY_PHASE_STRIP = NO;
				DEBUG_INFORMATION_FORMAT = "dwarf-with-dsym";
				ENABLE_NS_ASSERTIONS = NO;
				ENABLE_STRICT_OBJC_MSGSEND = YES;
				GCC_C_LANGUAGE_STANDARD = gnu11;
				GCC_NO_COMMON_BLOCKS = YES;
				GCC_WARN_64_TO_32_BIT_CONVERSION = YES;
				GCC_WARN_ABOUT_RETURN_TYPE = YES_ERROR;
				GCC_WARN_UNDECLARED_SELECTOR = YES;
				GCC_WARN_UNINITIALIZED_AUTOS = YES_AGGRESSIVE;
				GCC_WARN_UNUSED_FUNCTION = YES;
				GCC_WARN_UNUSED_VARIABLE = YES;
				IPHONEOS_DEPLOYMENT_TARGET = 15.0;
				MTL_ENABLE_DEBUG_INFO = NO;
				MTL_FAST_MATH = YES;
				SDKROOT = iphoneos;
				SWIFT_COMPILATION_MODE = wholemodule;
				SWIFT_OPTIMIZATION_LEVEL = "-O";
				VALIDATE_PRODUCT = YES;
			};
			name = Release;
		};
		799876812758378000469155 /* Debug */ = {
			isa = XCBuildConfiguration;
			buildSettings = {
				ASSETCATALOG_COMPILER_APPICON_NAME = AppIcon;
				ASSETCATALOG_COMPILER_GLOBAL_ACCENT_COLOR_NAME = AccentColor;
				CODE_SIGN_STYLE = Automatic;
				CURRENT_PROJECT_VERSION = 1;
				DEVELOPMENT_TEAM = F5RYHB52XL;
				GENERATE_INFOPLIST_FILE = YES;
				INFOPLIST_FILE = ServiceLayerExample/Info.plist;
				INFOPLIST_KEY_UIApplicationSupportsIndirectInputEvents = YES;
				INFOPLIST_KEY_UILaunchStoryboardName = LaunchScreen;
				INFOPLIST_KEY_UISupportedInterfaceOrientations_iPad = "UIInterfaceOrientationPortrait UIInterfaceOrientationPortraitUpsideDown UIInterfaceOrientationLandscapeLeft UIInterfaceOrientationLandscapeRight";
				INFOPLIST_KEY_UISupportedInterfaceOrientations_iPhone = "UIInterfaceOrientationPortrait UIInterfaceOrientationLandscapeLeft UIInterfaceOrientationLandscapeRight";
				LD_RUNPATH_SEARCH_PATHS = (
					"$(inherited)",
					"@executable_path/Frameworks",
				);
				MARKETING_VERSION = 1.0;
				PRODUCT_BUNDLE_IDENTIFIER = com.Josh.ServiceLayerExample;
				PRODUCT_NAME = "$(TARGET_NAME)";
				SWIFT_EMIT_LOC_STRINGS = YES;
				SWIFT_VERSION = 5.0;
				TARGETED_DEVICE_FAMILY = "1,2";
			};
			name = Debug;
		};
		799876822758378000469155 /* Release */ = {
			isa = XCBuildConfiguration;
			buildSettings = {
				ASSETCATALOG_COMPILER_APPICON_NAME = AppIcon;
				ASSETCATALOG_COMPILER_GLOBAL_ACCENT_COLOR_NAME = AccentColor;
				CODE_SIGN_STYLE = Automatic;
				CURRENT_PROJECT_VERSION = 1;
				DEVELOPMENT_TEAM = F5RYHB52XL;
				GENERATE_INFOPLIST_FILE = YES;
				INFOPLIST_FILE = ServiceLayerExample/Info.plist;
				INFOPLIST_KEY_UIApplicationSupportsIndirectInputEvents = YES;
				INFOPLIST_KEY_UILaunchStoryboardName = LaunchScreen;
				INFOPLIST_KEY_UISupportedInterfaceOrientations_iPad = "UIInterfaceOrientationPortrait UIInterfaceOrientationPortraitUpsideDown UIInterfaceOrientationLandscapeLeft UIInterfaceOrientationLandscapeRight";
				INFOPLIST_KEY_UISupportedInterfaceOrientations_iPhone = "UIInterfaceOrientationPortrait UIInterfaceOrientationLandscapeLeft UIInterfaceOrientationLandscapeRight";
				LD_RUNPATH_SEARCH_PATHS = (
					"$(inherited)",
					"@executable_path/Frameworks",
				);
				MARKETING_VERSION = 1.0;
				PRODUCT_BUNDLE_IDENTIFIER = com.Josh.ServiceLayerExample;
				PRODUCT_NAME = "$(TARGET_NAME)";
				SWIFT_EMIT_LOC_STRINGS = YES;
				SWIFT_VERSION = 5.0;
				TARGETED_DEVICE_FAMILY = "1,2";
			};
			name = Release;
		};
		79A2FC29275946E80011FC65 /* Debug */ = {
			isa = XCBuildConfiguration;
			buildSettings = {
				BUNDLE_LOADER = "$(TEST_HOST)";
				CODE_SIGN_STYLE = Automatic;
				CURRENT_PROJECT_VERSION = 1;
				DEVELOPMENT_TEAM = F5RYHB52XL;
				GENERATE_INFOPLIST_FILE = YES;
				LD_RUNPATH_SEARCH_PATHS = (
					"$(inherited)",
					"@executable_path/Frameworks",
					"@loader_path/Frameworks",
				);
				MARKETING_VERSION = 1.0;
				PRODUCT_BUNDLE_IDENTIFIER = com.Josh.ServiceLayerExampleTests;
				PRODUCT_NAME = "$(TARGET_NAME)";
				SWIFT_EMIT_LOC_STRINGS = NO;
				SWIFT_VERSION = 5.0;
				TARGETED_DEVICE_FAMILY = "1,2";
				TEST_HOST = "$(BUILT_PRODUCTS_DIR)/ServiceLayerExample.app/ServiceLayerExample";
			};
			name = Debug;
		};
		79A2FC2A275946E80011FC65 /* Release */ = {
			isa = XCBuildConfiguration;
			buildSettings = {
				BUNDLE_LOADER = "$(TEST_HOST)";
				CODE_SIGN_STYLE = Automatic;
				CURRENT_PROJECT_VERSION = 1;
				DEVELOPMENT_TEAM = F5RYHB52XL;
				GENERATE_INFOPLIST_FILE = YES;
				LD_RUNPATH_SEARCH_PATHS = (
					"$(inherited)",
					"@executable_path/Frameworks",
					"@loader_path/Frameworks",
				);
				MARKETING_VERSION = 1.0;
				PRODUCT_BUNDLE_IDENTIFIER = com.Josh.ServiceLayerExampleTests;
				PRODUCT_NAME = "$(TARGET_NAME)";
				SWIFT_EMIT_LOC_STRINGS = NO;
				SWIFT_VERSION = 5.0;
				TARGETED_DEVICE_FAMILY = "1,2";
				TEST_HOST = "$(BUILT_PRODUCTS_DIR)/ServiceLayerExample.app/ServiceLayerExample";
			};
			name = Release;
		};
/* End XCBuildConfiguration section */

/* Begin XCConfigurationList section */
		799876672758377F00469155 /* Build configuration list for PBXProject "ServiceLayerExample" */ = {
			isa = XCConfigurationList;
			buildConfigurations = (
				7998767E2758378000469155 /* Debug */,
				7998767F2758378000469155 /* Release */,
			);
			defaultConfigurationIsVisible = 0;
			defaultConfigurationName = Release;
		};
		799876802758378000469155 /* Build configuration list for PBXNativeTarget "ServiceLayerExample" */ = {
			isa = XCConfigurationList;
			buildConfigurations = (
				799876812758378000469155 /* Debug */,
				799876822758378000469155 /* Release */,
			);
			defaultConfigurationIsVisible = 0;
			defaultConfigurationName = Release;
		};
		79A2FC2B275946E80011FC65 /* Build configuration list for PBXNativeTarget "ServiceLayerExampleTests" */ = {
			isa = XCConfigurationList;
			buildConfigurations = (
				79A2FC29275946E80011FC65 /* Debug */,
				79A2FC2A275946E80011FC65 /* Release */,
			);
			defaultConfigurationIsVisible = 0;
			defaultConfigurationName = Release;
		};
/* End XCConfigurationList section */
	};
	rootObject = 799876642758377F00469155 /* Project object */;
}
